
Microsoft Visual Studio Solution File, Format Version 12.00
Project("{FAE04EC0-301F-11D3-BF4B-00C04F79EFBC}") = "WebAPI", "WebAPI\WebAPI.csproj", "{3E89D283-77DA-4CBB-9291-ED063C57C7CE}"
EndProject
Project("{FAE04EC0-301F-11D3-BF4B-00C04F79EFBC}") = "WebAPI.Test", "WebAPI.Test\WebAPI.Test.csproj", "{C6B43955-344B-4117-A8F8-0EDF2AB79105}"
EndProject
Global
	GlobalSection(SolutionConfigurationPlatforms) = preSolution
		Debug|Any CPU = Debug|Any CPU
		Release|Any CPU = Release|Any CPU
	EndGlobalSection
	GlobalSection(ProjectConfigurationPlatforms) = postSolution
		{3E89D283-77DA-4CBB-9291-ED063C57C7CE}.Debug|Any CPU.ActiveCfg = Debug|Any CPU
		{3E89D283-77DA-4CBB-9291-ED063C57C7CE}.Debug|Any CPU.Build.0 = Debug|Any CPU
		{3E89D283-77DA-4CBB-9291-ED063C57C7CE}.Release|Any CPU.ActiveCfg = Release|Any CPU
		{3E89D283-77DA-4CBB-9291-ED063C57C7CE}.Release|Any CPU.Build.0 = Release|Any CPU
		{C6B43955-344B-4117-A8F8-0EDF2AB79105}.Debug|Any CPU.ActiveCfg = Debug|Any CPU
		{C6B43955-344B-4117-A8F8-0EDF2AB79105}.Debug|Any CPU.Build.0 = Debug|Any CPU
		{C6B43955-344B-4117-A8F8-0EDF2AB79105}.Release|Any CPU.ActiveCfg = Release|Any CPU
		{C6B43955-344B-4117-A8F8-0EDF2AB79105}.Release|Any CPU.Build.0 = Release|Any CPU
	EndGlobalSection
EndGlobal
